// !$*UTF8*$!
{
	archiveVersion = 1;
	classes = {
	};
	objectVersion = 46;
	objects = {

/* Begin PBXBuildFile section */
		042617421EA4699B00C949AE /* XSMainViewController.m in Sources */ = {isa = PBXBuildFile; fileRef = 042617411EA4699B00C949AE /* XSMainViewController.m */; };
		042617521EA4AC4C00C949AE /* NSBundle+PYSearchExtension.m in Sources */ = {isa = PBXBuildFile; fileRef = 042617451EA4AC4C00C949AE /* NSBundle+PYSearchExtension.m */; };
		042617531EA4AC4C00C949AE /* PYSearch.bundle in Resources */ = {isa = PBXBuildFile; fileRef = 042617461EA4AC4C00C949AE /* PYSearch.bundle */; };
		042617541EA4AC4C00C949AE /* PYSearchConst.m in Sources */ = {isa = PBXBuildFile; fileRef = 042617491EA4AC4C00C949AE /* PYSearchConst.m */; };
		042617551EA4AC4C00C949AE /* PYSearchSuggestionViewController.m in Sources */ = {isa = PBXBuildFile; fileRef = 0426174B1EA4AC4C00C949AE /* PYSearchSuggestionViewController.m */; };
		042617561EA4AC4C00C949AE /* PYSearchViewController.m in Sources */ = {isa = PBXBuildFile; fileRef = 0426174D1EA4AC4C00C949AE /* PYSearchViewController.m */; };
		042617571EA4AC4C00C949AE /* UIColor+PYSearchExtension.m in Sources */ = {isa = PBXBuildFile; fileRef = 0426174F1EA4AC4C00C949AE /* UIColor+PYSearchExtension.m */; };
		042617581EA4AC4C00C949AE /* UIView+PYSearchExtension.m in Sources */ = {isa = PBXBuildFile; fileRef = 042617511EA4AC4C00C949AE /* UIView+PYSearchExtension.m */; };
		045252E71EA4506E00E6789C /* main.m in Sources */ = {isa = PBXBuildFile; fileRef = 045252E61EA4506E00E6789C /* main.m */; };
		045252EA1EA4506E00E6789C /* AppDelegate.m in Sources */ = {isa = PBXBuildFile; fileRef = 045252E91EA4506E00E6789C /* AppDelegate.m */; };
		045252F01EA4506E00E6789C /* Main.storyboard in Resources */ = {isa = PBXBuildFile; fileRef = 045252EE1EA4506E00E6789C /* Main.storyboard */; };
		045252F21EA4506E00E6789C /* Assets.xcassets in Resources */ = {isa = PBXBuildFile; fileRef = 045252F11EA4506E00E6789C /* Assets.xcassets */; };
		045252F51EA4506E00E6789C /* LaunchScreen.storyboard in Resources */ = {isa = PBXBuildFile; fileRef = 045252F31EA4506E00E6789C /* LaunchScreen.storyboard */; };
		045253001EA4506F00E6789C /* XSNavigationBarTests.m in Sources */ = {isa = PBXBuildFile; fileRef = 045252FF1EA4506F00E6789C /* XSNavigationBarTests.m */; };
		0452530B1EA4506F00E6789C /* XSNavigationBarUITests.m in Sources */ = {isa = PBXBuildFile; fileRef = 0452530A1EA4506F00E6789C /* XSNavigationBarUITests.m */; };
		0452531A1EA450E700E6789C /* XSMainTableViewController.m in Sources */ = {isa = PBXBuildFile; fileRef = 045253191EA450E700E6789C /* XSMainTableViewController.m */; };
/* End PBXBuildFile section */

/* Begin PBXContainerItemProxy section */
		045252FC1EA4506F00E6789C /* PBXContainerItemProxy */ = {
			isa = PBXContainerItemProxy;
			containerPortal = 045252DA1EA4506E00E6789C /* Project object */;
			proxyType = 1;
			remoteGlobalIDString = 045252E11EA4506E00E6789C;
			remoteInfo = XSNavigationBar;
		};
		045253071EA4506F00E6789C /* PBXContainerItemProxy */ = {
			isa = PBXContainerItemProxy;
			containerPortal = 045252DA1EA4506E00E6789C /* Project object */;
			proxyType = 1;
			remoteGlobalIDString = 045252E11EA4506E00E6789C;
			remoteInfo = XSNavigationBar;
		};
/* End PBXContainerItemProxy section */

/* Begin PBXFileReference section */
		042617401EA4699B00C949AE /* XSMainViewController.h */ = {isa = PBXFileReference; fileEncoding = 4; lastKnownFileType = sourcecode.c.h; path = XSMainViewController.h; sourceTree = "<group>"; };
		042617411EA4699B00C949AE /* XSMainViewController.m */ = {isa = PBXFileReference; fileEncoding = 4; lastKnownFileType = sourcecode.c.objc; path = XSMainViewController.m; sourceTree = "<group>"; };
		042617441EA4AC4C00C949AE /* NSBundle+PYSearchExtension.h */ = {isa = PBXFileReference; fileEncoding = 4; lastKnownFileType = sourcecode.c.h; path = "NSBundle+PYSearchExtension.h"; sourceTree = "<group>"; };
		042617451EA4AC4C00C949AE /* NSBundle+PYSearchExtension.m */ = {isa = PBXFileReference; fileEncoding = 4; lastKnownFileType = sourcecode.c.objc; path = "NSBundle+PYSearchExtension.m"; sourceTree = "<group>"; };
		042617461EA4AC4C00C949AE /* PYSearch.bundle */ = {isa = PBXFileReference; lastKnownFileType = "wrapper.plug-in"; path = PYSearch.bundle; sourceTree = "<group>"; };
		042617471EA4AC4C00C949AE /* PYSearch.h */ = {isa = PBXFileReference; fileEncoding = 4; lastKnownFileType = sourcecode.c.h; path = PYSearch.h; sourceTree = "<group>"; };
		042617481EA4AC4C00C949AE /* PYSearchConst.h */ = {isa = PBXFileReference; fileEncoding = 4; lastKnownFileType = sourcecode.c.h; path = PYSearchConst.h; sourceTree = "<group>"; };
		042617491EA4AC4C00C949AE /* PYSearchConst.m */ = {isa = PBXFileReference; fileEncoding = 4; lastKnownFileType = sourcecode.c.objc; path = PYSearchConst.m; sourceTree = "<group>"; };
		0426174A1EA4AC4C00C949AE /* PYSearchSuggestionViewController.h */ = {isa = PBXFileReference; fileEncoding = 4; lastKnownFileType = sourcecode.c.h; path = PYSearchSuggestionViewController.h; sourceTree = "<group>"; };
		0426174B1EA4AC4C00C949AE /* PYSearchSuggestionViewController.m */ = {isa = PBXFileReference; fileEncoding = 4; lastKnownFileType = sourcecode.c.objc; path = PYSearchSuggestionViewController.m; sourceTree = "<group>"; };
		0426174C1EA4AC4C00C949AE /* PYSearchViewController.h */ = {isa = PBXFileReference; fileEncoding = 4; lastKnownFileType = sourcecode.c.h; path = PYSearchViewController.h; sourceTree = "<group>"; };
		0426174D1EA4AC4C00C949AE /* PYSearchViewController.m */ = {isa = PBXFileReference; fileEncoding = 4; lastKnownFileType = sourcecode.c.objc; path = PYSearchViewController.m; sourceTree = "<group>"; };
		0426174E1EA4AC4C00C949AE /* UIColor+PYSearchExtension.h */ = {isa = PBXFileReference; fileEncoding = 4; lastKnownFileType = sourcecode.c.h; path = "UIColor+PYSearchExtension.h"; sourceTree = "<group>"; };
		0426174F1EA4AC4C00C949AE /* UIColor+PYSearchExtension.m */ = {isa = PBXFileReference; fileEncoding = 4; lastKnownFileType = sourcecode.c.objc; path = "UIColor+PYSearchExtension.m"; sourceTree = "<group>"; };
		042617501EA4AC4C00C949AE /* UIView+PYSearchExtension.h */ = {isa = PBXFileReference; fileEncoding = 4; lastKnownFileType = sourcecode.c.h; path = "UIView+PYSearchExtension.h"; sourceTree = "<group>"; };
		042617511EA4AC4C00C949AE /* UIView+PYSearchExtension.m */ = {isa = PBXFileReference; fileEncoding = 4; lastKnownFileType = sourcecode.c.objc; path = "UIView+PYSearchExtension.m"; sourceTree = "<group>"; };
		045252E21EA4506E00E6789C /* XSNavigationBar.app */ = {isa = PBXFileReference; explicitFileType = wrapper.application; includeInIndex = 0; path = XSNavigationBar.app; sourceTree = BUILT_PRODUCTS_DIR; };
		045252E61EA4506E00E6789C /* main.m */ = {isa = PBXFileReference; lastKnownFileType = sourcecode.c.objc; path = main.m; sourceTree = "<group>"; };
		045252E81EA4506E00E6789C /* AppDelegate.h */ = {isa = PBXFileReference; lastKnownFileType = sourcecode.c.h; path = AppDelegate.h; sourceTree = "<group>"; };
		045252E91EA4506E00E6789C /* AppDelegate.m */ = {isa = PBXFileReference; lastKnownFileType = sourcecode.c.objc; path = AppDelegate.m; sourceTree = "<group>"; };
		045252EF1EA4506E00E6789C /* Base */ = {isa = PBXFileReference; lastKnownFileType = file.storyboard; name = Base; path = Base.lproj/Main.storyboard; sourceTree = "<group>"; };
		045252F11EA4506E00E6789C /* Assets.xcassets */ = {isa = PBXFileReference; lastKnownFileType = folder.assetcatalog; path = Assets.xcassets; sourceTree = "<group>"; };
		045252F41EA4506E00E6789C /* Base */ = {isa = PBXFileReference; lastKnownFileType = file.storyboard; name = Base; path = Base.lproj/LaunchScreen.storyboard; sourceTree = "<group>"; };
		045252F61EA4506E00E6789C /* Info.plist */ = {isa = PBXFileReference; lastKnownFileType = text.plist.xml; path = Info.plist; sourceTree = "<group>"; };
		045252FB1EA4506F00E6789C /* XSNavigationBarTests.xctest */ = {isa = PBXFileReference; explicitFileType = wrapper.cfbundle; includeInIndex = 0; path = XSNavigationBarTests.xctest; sourceTree = BUILT_PRODUCTS_DIR; };
		045252FF1EA4506F00E6789C /* XSNavigationBarTests.m */ = {isa = PBXFileReference; lastKnownFileType = sourcecode.c.objc; path = XSNavigationBarTests.m; sourceTree = "<group>"; };
		045253011EA4506F00E6789C /* Info.plist */ = {isa = PBXFileReference; lastKnownFileType = text.plist.xml; path = Info.plist; sourceTree = "<group>"; };
		045253061EA4506F00E6789C /* XSNavigationBarUITests.xctest */ = {isa = PBXFileReference; explicitFileType = wrapper.cfbundle; includeInIndex = 0; path = XSNavigationBarUITests.xctest; sourceTree = BUILT_PRODUCTS_DIR; };
		0452530A1EA4506F00E6789C /* XSNavigationBarUITests.m */ = {isa = PBXFileReference; lastKnownFileType = sourcecode.c.objc; path = XSNavigationBarUITests.m; sourceTree = "<group>"; };
		0452530C1EA4506F00E6789C /* Info.plist */ = {isa = PBXFileReference; lastKnownFileType = text.plist.xml; path = Info.plist; sourceTree = "<group>"; };
		045253181EA450E700E6789C /* XSMainTableViewController.h */ = {isa = PBXFileReference; fileEncoding = 4; lastKnownFileType = sourcecode.c.h; path = XSMainTableViewController.h; sourceTree = "<group>"; };
		045253191EA450E700E6789C /* XSMainTableViewController.m */ = {isa = PBXFileReference; fileEncoding = 4; lastKnownFileType = sourcecode.c.objc; path = XSMainTableViewController.m; sourceTree = "<group>"; };
/* End PBXFileReference section */

/* Begin PBXFrameworksBuildPhase section */
		045252DF1EA4506E00E6789C /* Frameworks */ = {
			isa = PBXFrameworksBuildPhase;
			buildActionMask = 2147483647;
			files = (
			);
			runOnlyForDeploymentPostprocessing = 0;
		};
		045252F81EA4506F00E6789C /* Frameworks */ = {
			isa = PBXFrameworksBuildPhase;
			buildActionMask = 2147483647;
			files = (
			);
			runOnlyForDeploymentPostprocessing = 0;
		};
		045253031EA4506F00E6789C /* Frameworks */ = {
			isa = PBXFrameworksBuildPhase;
			buildActionMask = 2147483647;
			files = (
			);
			runOnlyForDeploymentPostprocessing = 0;
		};
/* End PBXFrameworksBuildPhase section */

/* Begin PBXGroup section */
		042617431EA4AC4C00C949AE /* PYSearch */ = {
			isa = PBXGroup;
			children = (
				042617441EA4AC4C00C949AE /* NSBundle+PYSearchExtension.h */,
				042617451EA4AC4C00C949AE /* NSBundle+PYSearchExtension.m */,
				042617461EA4AC4C00C949AE /* PYSearch.bundle */,
				042617471EA4AC4C00C949AE /* PYSearch.h */,
				042617481EA4AC4C00C949AE /* PYSearchConst.h */,
				042617491EA4AC4C00C949AE /* PYSearchConst.m */,
				0426174A1EA4AC4C00C949AE /* PYSearchSuggestionViewController.h */,
				0426174B1EA4AC4C00C949AE /* PYSearchSuggestionViewController.m */,
				0426174C1EA4AC4C00C949AE /* PYSearchViewController.h */,
				0426174D1EA4AC4C00C949AE /* PYSearchViewController.m */,
				0426174E1EA4AC4C00C949AE /* UIColor+PYSearchExtension.h */,
				0426174F1EA4AC4C00C949AE /* UIColor+PYSearchExtension.m */,
				042617501EA4AC4C00C949AE /* UIView+PYSearchExtension.h */,
				042617511EA4AC4C00C949AE /* UIView+PYSearchExtension.m */,
			);
			name = PYSearch;
			path = XSNavigationBar/PYSearch;
			sourceTree = "<group>";
		};
		045252D91EA4506E00E6789C = {
			isa = PBXGroup;
			children = (
				042617431EA4AC4C00C949AE /* PYSearch */,
				045252E41EA4506E00E6789C /* XSNavigationBar */,
				045252FE1EA4506F00E6789C /* XSNavigationBarTests */,
				045253091EA4506F00E6789C /* XSNavigationBarUITests */,
				045252E31EA4506E00E6789C /* Products */,
			);
			sourceTree = "<group>";
		};
		045252E31EA4506E00E6789C /* Products */ = {
			isa = PBXGroup;
			children = (
				045252E21EA4506E00E6789C /* XSNavigationBar.app */,
				045252FB1EA4506F00E6789C /* XSNavigationBarTests.xctest */,
				045253061EA4506F00E6789C /* XSNavigationBarUITests.xctest */,
			);
			name = Products;
			sourceTree = "<group>";
		};
		045252E41EA4506E00E6789C /* XSNavigationBar */ = {
			isa = PBXGroup;
			children = (
				045252E81EA4506E00E6789C /* AppDelegate.h */,
				045252E91EA4506E00E6789C /* AppDelegate.m */,
				042617401EA4699B00C949AE /* XSMainViewController.h */,
				042617411EA4699B00C949AE /* XSMainViewController.m */,
				045253181EA450E700E6789C /* XSMainTableViewController.h */,
				045253191EA450E700E6789C /* XSMainTableViewController.m */,
				045252EE1EA4506E00E6789C /* Main.storyboard */,
				045252F11EA4506E00E6789C /* Assets.xcassets */,
				045252F31EA4506E00E6789C /* LaunchScreen.storyboard */,
				045252F61EA4506E00E6789C /* Info.plist */,
				045252E51EA4506E00E6789C /* Supporting Files */,
			);
			path = XSNavigationBar;
			sourceTree = "<group>";
		};
		045252E51EA4506E00E6789C /* Supporting Files */ = {
			isa = PBXGroup;
			children = (
				045252E61EA4506E00E6789C /* main.m */,
			);
			name = "Supporting Files";
			sourceTree = "<group>";
		};
		045252FE1EA4506F00E6789C /* XSNavigationBarTests */ = {
			isa = PBXGroup;
			children = (
				045252FF1EA4506F00E6789C /* XSNavigationBarTests.m */,
				045253011EA4506F00E6789C /* Info.plist */,
			);
			path = XSNavigationBarTests;
			sourceTree = "<group>";
		};
		045253091EA4506F00E6789C /* XSNavigationBarUITests */ = {
			isa = PBXGroup;
			children = (
				0452530A1EA4506F00E6789C /* XSNavigationBarUITests.m */,
				0452530C1EA4506F00E6789C /* Info.plist */,
			);
			path = XSNavigationBarUITests;
			sourceTree = "<group>";
		};
/* End PBXGroup section */

/* Begin PBXNativeTarget section */
		045252E11EA4506E00E6789C /* XSNavigationBar */ = {
			isa = PBXNativeTarget;
			buildConfigurationList = 0452530F1EA4506F00E6789C /* Build configuration list for PBXNativeTarget "XSNavigationBar" */;
			buildPhases = (
				045252DE1EA4506E00E6789C /* Sources */,
				045252DF1EA4506E00E6789C /* Frameworks */,
				045252E01EA4506E00E6789C /* Resources */,
			);
			buildRules = (
			);
			dependencies = (
			);
			name = XSNavigationBar;
			productName = XSNavigationBar;
			productReference = 045252E21EA4506E00E6789C /* XSNavigationBar.app */;
			productType = "com.apple.product-type.application";
		};
		045252FA1EA4506F00E6789C /* XSNavigationBarTests */ = {
			isa = PBXNativeTarget;
			buildConfigurationList = 045253121EA4506F00E6789C /* Build configuration list for PBXNativeTarget "XSNavigationBarTests" */;
			buildPhases = (
				045252F71EA4506F00E6789C /* Sources */,
				045252F81EA4506F00E6789C /* Frameworks */,
				045252F91EA4506F00E6789C /* Resources */,
			);
			buildRules = (
			);
			dependencies = (
				045252FD1EA4506F00E6789C /* PBXTargetDependency */,
			);
			name = XSNavigationBarTests;
			productName = XSNavigationBarTests;
			productReference = 045252FB1EA4506F00E6789C /* XSNavigationBarTests.xctest */;
			productType = "com.apple.product-type.bundle.unit-test";
		};
		045253051EA4506F00E6789C /* XSNavigationBarUITests */ = {
			isa = PBXNativeTarget;
			buildConfigurationList = 045253151EA4506F00E6789C /* Build configuration list for PBXNativeTarget "XSNavigationBarUITests" */;
			buildPhases = (
				045253021EA4506F00E6789C /* Sources */,
				045253031EA4506F00E6789C /* Frameworks */,
				045253041EA4506F00E6789C /* Resources */,
			);
			buildRules = (
			);
			dependencies = (
				045253081EA4506F00E6789C /* PBXTargetDependency */,
			);
			name = XSNavigationBarUITests;
			productName = XSNavigationBarUITests;
			productReference = 045253061EA4506F00E6789C /* XSNavigationBarUITests.xctest */;
			productType = "com.apple.product-type.bundle.ui-testing";
		};
/* End PBXNativeTarget section */

/* Begin PBXProject section */
		045252DA1EA4506E00E6789C /* Project object */ = {
			isa = PBXProject;
			attributes = {
				LastUpgradeCheck = 0830;
				TargetAttributes = {
					045252E11EA4506E00E6789C = {
						CreatedOnToolsVersion = 8.3.1;
						DevelopmentTeam = 6STRNP9KDA;
						ProvisioningStyle = Automatic;
					};
					045252FA1EA4506F00E6789C = {
						CreatedOnToolsVersion = 8.3.1;
						DevelopmentTeam = 6STRNP9KDA;
						ProvisioningStyle = Automatic;
						TestTargetID = 045252E11EA4506E00E6789C;
					};
					045253051EA4506F00E6789C = {
						CreatedOnToolsVersion = 8.3.1;
						DevelopmentTeam = 6STRNP9KDA;
						ProvisioningStyle = Automatic;
						TestTargetID = 045252E11EA4506E00E6789C;
					};
				};
			};
			buildConfigurationList = 045252DD1EA4506E00E6789C /* Build configuration list for PBXProject "XSNavigationBar" */;
			compatibilityVersion = "Xcode 3.2";
			developmentRegion = English;
			hasScannedForEncodings = 0;
			knownRegions = (
				en,
				Base,
			);
			mainGroup = 045252D91EA4506E00E6789C;
			productRefGroup = 045252E31EA4506E00E6789C /* Products */;
			projectDirPath = "";
			projectRoot = "";
			targets = (
				045252E11EA4506E00E6789C /* XSNavigationBar */,
				045252FA1EA4506F00E6789C /* XSNavigationBarTests */,
				045253051EA4506F00E6789C /* XSNavigationBarUITests */,
			);
		};
/* End PBXProject section */

/* Begin PBXResourcesBuildPhase section */
		045252E01EA4506E00E6789C /* Resources */ = {
			isa = PBXResourcesBuildPhase;
			buildActionMask = 2147483647;
			files = (
				045252F51EA4506E00E6789C /* LaunchScreen.storyboard in Resources */,
				045252F21EA4506E00E6789C /* Assets.xcassets in Resources */,
				042617531EA4AC4C00C949AE /* PYSearch.bundle in Resources */,
				045252F01EA4506E00E6789C /* Main.storyboard in Resources */,
			);
			runOnlyForDeploymentPostprocessing = 0;
		};
		045252F91EA4506F00E6789C /* Resources */ = {
			isa = PBXResourcesBuildPhase;
			buildActionMask = 2147483647;
			files = (
			);
			runOnlyForDeploymentPostprocessing = 0;
		};
		045253041EA4506F00E6789C /* Resources */ = {
			isa = PBXResourcesBuildPhase;
			buildActionMask = 2147483647;
			files = (
			);
			runOnlyForDeploymentPostprocessing = 0;
		};
/* End PBXResourcesBuildPhase section */

/* Begin PBXSourcesBuildPhase section */
		045252DE1EA4506E00E6789C /* Sources */ = {
			isa = PBXSourcesBuildPhase;
			buildActionMask = 2147483647;
			files = (
				042617541EA4AC4C00C949AE /* PYSearchConst.m in Sources */,
				042617561EA4AC4C00C949AE /* PYSearchViewController.m in Sources */,
				042617421EA4699B00C949AE /* XSMainViewController.m in Sources */,
				042617571EA4AC4C00C949AE /* UIColor+PYSearchExtension.m in Sources */,
				042617521EA4AC4C00C949AE /* NSBundle+PYSearchExtension.m in Sources */,
				042617581EA4AC4C00C949AE /* UIView+PYSearchExtension.m in Sources */,
				045252EA1EA4506E00E6789C /* AppDelegate.m in Sources */,
				045252E71EA4506E00E6789C /* main.m in Sources */,
				0452531A1EA450E700E6789C /* XSMainTableViewController.m in Sources */,
				042617551EA4AC4C00C949AE /* PYSearchSuggestionViewController.m in Sources */,
			);
			runOnlyForDeploymentPostprocessing = 0;
		};
		045252F71EA4506F00E6789C /* Sources */ = {
			isa = PBXSourcesBuildPhase;
			buildActionMask = 2147483647;
			files = (
				045253001EA4506F00E6789C /* XSNavigationBarTests.m in Sources */,
			);
			runOnlyForDeploymentPostprocessing = 0;
		};
		045253021EA4506F00E6789C /* Sources */ = {
			isa = PBXSourcesBuildPhase;
			buildActionMask = 2147483647;
			files = (
				0452530B1EA4506F00E6789C /* XSNavigationBarUITests.m in Sources */,
			);
			runOnlyForDeploymentPostprocessing = 0;
		};
/* End PBXSourcesBuildPhase section */

/* Begin PBXTargetDependency section */
		045252FD1EA4506F00E6789C /* PBXTargetDependency */ = {
			isa = PBXTargetDependency;
			target = 045252E11EA4506E00E6789C /* XSNavigationBar */;
			targetProxy = 045252FC1EA4506F00E6789C /* PBXContainerItemProxy */;
		};
		045253081EA4506F00E6789C /* PBXTargetDependency */ = {
			isa = PBXTargetDependency;
			target = 045252E11EA4506E00E6789C /* XSNavigationBar */;
			targetProxy = 045253071EA4506F00E6789C /* PBXContainerItemProxy */;
		};
/* End PBXTargetDependency section */

/* Begin PBXVariantGroup section */
		045252EE1EA4506E00E6789C /* Main.storyboard */ = {
			isa = PBXVariantGroup;
			children = (
				045252EF1EA4506E00E6789C /* Base */,
			);
			name = Main.storyboard;
			sourceTree = "<group>";
		};
		045252F31EA4506E00E6789C /* LaunchScreen.storyboard */ = {
			isa = PBXVariantGroup;
			children = (
				045252F41EA4506E00E6789C /* Base */,
			);
			name = LaunchScreen.storyboard;
			sourceTree = "<group>";
		};
/* End PBXVariantGroup section */

/* Begin XCBuildConfiguration section */
		0452530D1EA4506F00E6789C /* Debug */ = {
			isa = XCBuildConfiguration;
			buildSettings = {
				ALWAYS_SEARCH_USER_PATHS = NO;
				CLANG_ANALYZER_NONNULL = YES;
				CLANG_ANALYZER_NUMBER_OBJECT_CONVERSION = YES_AGGRESSIVE;
				CLANG_CXX_LANGUAGE_STANDARD = "gnu++0x";
				CLANG_CXX_LIBRARY = "libc++";
				CLANG_ENABLE_MODULES = YES;
				CLANG_ENABLE_OBJC_ARC = YES;
				CLANG_WARN_BOOL_CONVERSION = YES;
				CLANG_WARN_CONSTANT_CONVERSION = YES;
				CLANG_WARN_DIRECT_OBJC_ISA_USAGE = YES_ERROR;
				CLANG_WARN_DOCUMENTATION_COMMENTS = YES;
				CLANG_WARN_EMPTY_BODY = YES;
				CLANG_WARN_ENUM_CONVERSION = YES;
				CLANG_WARN_INFINITE_RECURSION = YES;
				CLANG_WARN_INT_CONVERSION = YES;
				CLANG_WARN_OBJC_ROOT_CLASS = YES_ERROR;
				CLANG_WARN_SUSPICIOUS_MOVE = YES;
				CLANG_WARN_UNREACHABLE_CODE = YES;
				CLANG_WARN__DUPLICATE_METHOD_MATCH = YES;
				"CODE_SIGN_IDENTITY[sdk=iphoneos*]" = "iPhone Developer";
				COPY_PHASE_STRIP = NO;
				DEBUG_INFORMATION_FORMAT = dwarf;
				ENABLE_STRICT_OBJC_MSGSEND = YES;
				ENABLE_TESTABILITY = YES;
				GCC_C_LANGUAGE_STANDARD = gnu99;
				GCC_DYNAMIC_NO_PIC = NO;
				GCC_NO_COMMON_BLOCKS = YES;
				GCC_OPTIMIZATION_LEVEL = 0;
				GCC_PREPROCESSOR_DEFINITIONS = (
					"DEBUG=1",
					"$(inherited)",
				);
				GCC_WARN_64_TO_32_BIT_CONVERSION = YES;
				GCC_WARN_ABOUT_RETURN_TYPE = YES_ERROR;
				GCC_WARN_UNDECLARED_SELECTOR = YES;
				GCC_WARN_UNINITIALIZED_AUTOS = YES_AGGRESSIVE;
				GCC_WARN_UNUSED_FUNCTION = YES;
				GCC_WARN_UNUSED_VARIABLE = YES;
				IPHONEOS_DEPLOYMENT_TARGET = 10.3;
				MTL_ENABLE_DEBUG_INFO = YES;
				ONLY_ACTIVE_ARCH = YES;
				SDKROOT = iphoneos;
			};
			name = Debug;
		};
		0452530E1EA4506F00E6789C /* Release */ = {
			isa = XCBuildConfiguration;
			buildSettings = {
				ALWAYS_SEARCH_USER_PATHS = NO;
				CLANG_ANALYZER_NONNULL = YES;
				CLANG_ANALYZER_NUMBER_OBJECT_CONVERSION = YES_AGGRESSIVE;
				CLANG_CXX_LANGUAGE_STANDARD = "gnu++0x";
				CLANG_CXX_LIBRARY = "libc++";
				CLANG_ENABLE_MODULES = YES;
				CLANG_ENABLE_OBJC_ARC = YES;
				CLANG_WARN_BOOL_CONVERSION = YES;
				CLANG_WARN_CONSTANT_CONVERSION = YES;
				CLANG_WARN_DIRECT_OBJC_ISA_USAGE = YES_ERROR;
				CLANG_WARN_DOCUMENTATION_COMMENTS = YES;
				CLANG_WARN_EMPTY_BODY = YES;
				CLANG_WARN_ENUM_CONVERSION = YES;
				CLANG_WARN_INFINITE_RECURSION = YES;
				CLANG_WARN_INT_CONVERSION = YES;
				CLANG_WARN_OBJC_ROOT_CLASS = YES_ERROR;
				CLANG_WARN_SUSPICIOUS_MOVE = YES;
				CLANG_WARN_UNREACHABLE_CODE = YES;
				CLANG_WARN__DUPLICATE_METHOD_MATCH = YES;
				"CODE_SIGN_IDENTITY[sdk=iphoneos*]" = "iPhone Developer";
				COPY_PHASE_STRIP = NO;
				DEBUG_INFORMATION_FORMAT = "dwarf-with-dsym";
				ENABLE_NS_ASSERTIONS = NO;
				ENABLE_STRICT_OBJC_MSGSEND = YES;
				GCC_C_LANGUAGE_STANDARD = gnu99;
				GCC_NO_COMMON_BLOCKS = YES;
				GCC_WARN_64_TO_32_BIT_CONVERSION = YES;
				GCC_WARN_ABOUT_RETURN_TYPE = YES_ERROR;
				GCC_WARN_UNDECLARED_SELECTOR = YES;
				GCC_WARN_UNINITIALIZED_AUTOS = YES_AGGRESSIVE;
				GCC_WARN_UNUSED_FUNCTION = YES;
				GCC_WARN_UNUSED_VARIABLE = YES;
				IPHONEOS_DEPLOYMENT_TARGET = 10.3;
				MTL_ENABLE_DEBUG_INFO = NO;
				SDKROOT = iphoneos;
				VALIDATE_PRODUCT = YES;
			};
			name = Release;
		};
		045253101EA4506F00E6789C /* Debug */ = {
			isa = XCBuildConfiguration;
			buildSettings = {
				ASSETCATALOG_COMPILER_APPICON_NAME = AppIcon;
				DEVELOPMENT_TEAM = 6STRNP9KDA;
				INFOPLIST_FILE = XSNavigationBar/Info.plist;
				LD_RUNPATH_SEARCH_PATHS = "$(inherited) @executable_path/Frameworks";
				PRODUCT_BUNDLE_IDENTIFIER = com.dashuchina.XSNavigationBar;
				PRODUCT_NAME = "$(TARGET_NAME)";
			};
			name = Debug;
		};
		045253111EA4506F00E6789C /* Release */ = {
			isa = XCBuildConfiguration;
			buildSettings = {
				ASSETCATALOG_COMPILER_APPICON_NAME = AppIcon;
				DEVELOPMENT_TEAM = 6STRNP9KDA;
				INFOPLIST_FILE = XSNavigationBar/Info.plist;
				LD_RUNPATH_SEARCH_PATHS = "$(inherited) @executable_path/Frameworks";
				PRODUCT_BUNDLE_IDENTIFIER = com.dashuchina.XSNavigationBar;
				PRODUCT_NAME = "$(TARGET_NAME)";
			};
			name = Release;
		};
		045253131EA4506F00E6789C /* Debug */ = {
			isa = XCBuildConfiguration;
			buildSettings = {
				BUNDLE_LOADER = "$(TEST_HOST)";
				DEVELOPMENT_TEAM = 6STRNP9KDA;
				INFOPLIST_FILE = XSNavigationBarTests/Info.plist;
				LD_RUNPATH_SEARCH_PATHS = "$(inherited) @executable_path/Frameworks @loader_path/Frameworks";
				PRODUCT_BUNDLE_IDENTIFIER = com.dashuchina.XSNavigationBarTests;
				PRODUCT_NAME = "$(TARGET_NAME)";
				TEST_HOST = "$(BUILT_PRODUCTS_DIR)/XSNavigationBar.app/XSNavigationBar";
			};
			name = Debug;
		};
		045253141EA4506F00E6789C /* Release */ = {
			isa = XCBuildConfiguration;
			buildSettings = {
				BUNDLE_LOADER = "$(TEST_HOST)";
				DEVELOPMENT_TEAM = 6STRNP9KDA;
				INFOPLIST_FILE = XSNavigationBarTests/Info.plist;
				LD_RUNPATH_SEARCH_PATHS = "$(inherited) @executable_path/Frameworks @loader_path/Frameworks";
				PRODUCT_BUNDLE_IDENTIFIER = com.dashuchina.XSNavigationBarTests;
				PRODUCT_NAME = "$(TARGET_NAME)";
				TEST_HOST = "$(BUILT_PRODUCTS_DIR)/XSNavigationBar.app/XSNavigationBar";
			};
			name = Release;
		};
		045253161EA4506F00E6789C /* Debug */ = {
			isa = XCBuildConfiguration;
			buildSettings = {
				DEVELOPMENT_TEAM = 6STRNP9KDA;
				INFOPLIST_FILE = XSNavigationBarUITests/Info.plist;
				LD_RUNPATH_SEARCH_PATHS = "$(inherited) @executable_path/Frameworks @loader_path/Frameworks";
				PRODUCT_BUNDLE_IDENTIFIER = com.dashuchina.XSNavigationBarUITests;
				PRODUCT_NAME = "$(TARGET_NAME)";
				TEST_TARGET_NAME = XSNavigationBar;
			};
			name = Debug;
		};
		045253171EA4506F00E6789C /* Release */ = {
			isa = XCBuildConfiguration;
			buildSettings = {
				DEVELOPMENT_TEAM = 6STRNP9KDA;
				INFOPLIST_FILE = XSNavigationBarUITests/Info.plist;
				LD_RUNPATH_SEARCH_PATHS = "$(inherited) @executable_path/Frameworks @loader_path/Frameworks";
				PRODUCT_BUNDLE_IDENTIFIER = com.dashuchina.XSNavigationBarUITests;
				PRODUCT_NAME = "$(TARGET_NAME)";
				TEST_TARGET_NAME = XSNavigationBar;
			};
			name = Release;
		};
/* End XCBuildConfiguration section */

/* Begin XCConfigurationList section */
		045252DD1EA4506E00E6789C /* Build configuration list for PBXProject "XSNavigationBar" */ = {
			isa = XCConfigurationList;
			buildConfigurations = (
				0452530D1EA4506F00E6789C /* Debug */,
				0452530E1EA4506F00E6789C /* Release */,
			);
			defaultConfigurationIsVisible = 0;
			defaultConfigurationName = Release;
		};
		0452530F1EA4506F00E6789C /* Build configuration list for PBXNativeTarget "XSNavigationBar" */ = {
			isa = XCConfigurationList;
			buildConfigurations = (
				045253101EA4506F00E6789C /* Debug */,
				045253111EA4506F00E6789C /* Release */,
			);
			defaultConfigurationIsVisible = 0;
			defaultConfigurationName = Release;
		};
		045253121EA4506F00E6789C /* Build configuration list for PBXNativeTarget "XSNavigationBarTests" */ = {
			isa = XCConfigurationList;
			buildConfigurations = (
				045253131EA4506F00E6789C /* Debug */,
				045253141EA4506F00E6789C /* Release */,
			);
			defaultConfigurationIsVisible = 0;
			defaultConfigurationName = Release;
		};
		045253151EA4506F00E6789C /* Build configuration list for PBXNativeTarget "XSNavigationBarUITests" */ = {
			isa = XCConfigurationList;
			buildConfigurations = (
				045253161EA4506F00E6789C /* Debug */,
				045253171EA4506F00E6789C /* Release */,
			);
			defaultConfigurationIsVisible = 0;
			defaultConfigurationName = Release;
		};
/* End XCConfigurationList section */
	};
	rootObject = 045252DA1EA4506E00E6789C /* Project object */;
}
